
Microsoft Visual Studio Solution File, Format Version 12.00
# Visual Studio 14
VisualStudioVersion = 14.0.24720.0
MinimumVisualStudioVersion = 10.0.40219.1
Project("{FAE04EC0-301F-11D3-BF4B-00C04F79EFBC}") = "VKPeopleInviter.Droid", "VKPeopleInviter\VKPeopleInviter.Droid\VKPeopleInviter.Droid.csproj", "{14C5DE0E-8FFC-492F-BBE5-283E44E181A7}"
EndProject
Project("{FAE04EC0-301F-11D3-BF4B-00C04F79EFBC}") = "VKPeopleInviter.iOS", "VKPeopleInviter\VKPeopleInviter.iOS\VKPeopleInviter.iOS.csproj", "{74F264E1-187E-44AE-ABF5-E9ADB0327EFE}"
EndProject
Project("{FAE04EC0-301F-11D3-BF4B-00C04F79EFBC}") = "VKPeopleInviter.WinPhone", "VKPeopleInviter\VKPeopleInviter.WinPhone\VKPeopleInviter.WinPhone.csproj", "{DC2E9030-3193-43EF-86FE-22F014AB125B}"
EndProject
Project("{FAE04EC0-301F-11D3-BF4B-00C04F79EFBC}") = "VKPeopleInviter.Windows", "VKPeopleInviter\VKPeopleInviter.Windows\VKPeopleInviter.Windows.csproj", "{CA55A650-A93D-4A90-8E48-6732EB853CCB}"
EndProject
Project("{FAE04EC0-301F-11D3-BF4B-00C04F79EFBC}") = "VKPeopleInviter", "VKPeopleInviter\VKPeopleInviter\VKPeopleInviter.csproj", "{5DF2A1FA-9C7E-49BF-A6B0-A3E4AF81207B}"
EndProject
Global
	GlobalSection(SolutionConfigurationPlatforms) = preSolution
		Ad-Hoc|Any CPU = Ad-Hoc|Any CPU
		Ad-Hoc|ARM = Ad-Hoc|ARM
		Ad-Hoc|iPhone = Ad-Hoc|iPhone
		Ad-Hoc|iPhoneSimulator = Ad-Hoc|iPhoneSimulator
		Ad-Hoc|x64 = Ad-Hoc|x64
		Ad-Hoc|x86 = Ad-Hoc|x86
		AppStore|Any CPU = AppStore|Any CPU
		AppStore|ARM = AppStore|ARM
		AppStore|iPhone = AppStore|iPhone
		AppStore|iPhoneSimulator = AppStore|iPhoneSimulator
		AppStore|x64 = AppStore|x64
		AppStore|x86 = AppStore|x86
		Debug|Any CPU = Debug|Any CPU
		Debug|ARM = Debug|ARM
		Debug|iPhone = Debug|iPhone
		Debug|iPhoneSimulator = Debug|iPhoneSimulator
		Debug|x64 = Debug|x64
		Debug|x86 = Debug|x86
		Release|Any CPU = Release|Any CPU
		Release|ARM = Release|ARM
		Release|iPhone = Release|iPhone
		Release|iPhoneSimulator = Release|iPhoneSimulator
		Release|x64 = Release|x64
		Release|x86 = Release|x86
	EndGlobalSection
	GlobalSection(ProjectConfigurationPlatforms) = postSolution
		{14C5DE0E-8FFC-492F-BBE5-283E44E181A7}.Ad-Hoc|Any CPU.ActiveCfg = Release|Any CPU
		{14C5DE0E-8FFC-492F-BBE5-283E44E181A7}.Ad-Hoc|Any CPU.Build.0 = Release|Any CPU
		{14C5DE0E-8FFC-492F-BBE5-283E44E181A7}.Ad-Hoc|Any CPU.Deploy.0 = Release|Any CPU
		{14C5DE0E-8FFC-492F-BBE5-283E44E181A7}.Ad-Hoc|ARM.ActiveCfg = Release|Any CPU
		{14C5DE0E-8FFC-492F-BBE5-283E44E181A7}.Ad-Hoc|ARM.Build.0 = Release|Any CPU
		{14C5DE0E-8FFC-492F-BBE5-283E44E181A7}.Ad-Hoc|ARM.Deploy.0 = Release|Any CPU
		{14C5DE0E-8FFC-492F-BBE5-283E44E181A7}.Ad-Hoc|iPhone.ActiveCfg = Release|Any CPU
		{14C5DE0E-8FFC-492F-BBE5-283E44E181A7}.Ad-Hoc|iPhone.Build.0 = Release|Any CPU
		{14C5DE0E-8FFC-492F-BBE5-283E44E181A7}.Ad-Hoc|iPhone.Deploy.0 = Release|Any CPU
		{14C5DE0E-8FFC-492F-BBE5-283E44E181A7}.Ad-Hoc|iPhoneSimulator.ActiveCfg = Release|Any CPU
		{14C5DE0E-8FFC-492F-BBE5-283E44E181A7}.Ad-Hoc|iPhoneSimulator.Build.0 = Release|Any CPU
		{14C5DE0E-8FFC-492F-BBE5-283E44E181A7}.Ad-Hoc|iPhoneSimulator.Deploy.0 = Release|Any CPU
		{14C5DE0E-8FFC-492F-BBE5-283E44E181A7}.Ad-Hoc|x64.ActiveCfg = Release|Any CPU
		{14C5DE0E-8FFC-492F-BBE5-283E44E181A7}.Ad-Hoc|x64.Build.0 = Release|Any CPU
		{14C5DE0E-8FFC-492F-BBE5-283E44E181A7}.Ad-Hoc|x64.Deploy.0 = Release|Any CPU
		{14C5DE0E-8FFC-492F-BBE5-283E44E181A7}.Ad-Hoc|x86.ActiveCfg = Release|Any CPU
		{14C5DE0E-8FFC-492F-BBE5-283E44E181A7}.Ad-Hoc|x86.Build.0 = Release|Any CPU
		{14C5DE0E-8FFC-492F-BBE5-283E44E181A7}.Ad-Hoc|x86.Deploy.0 = Release|Any CPU
		{14C5DE0E-8FFC-492F-BBE5-283E44E181A7}.AppStore|Any CPU.ActiveCfg = Release|Any CPU
		{14C5DE0E-8FFC-492F-BBE5-283E44E181A7}.AppStore|Any CPU.Build.0 = Release|Any CPU
		{14C5DE0E-8FFC-492F-BBE5-283E44E181A7}.AppStore|Any CPU.Deploy.0 = Release|Any CPU
		{14C5DE0E-8FFC-492F-BBE5-283E44E181A7}.AppStore|ARM.ActiveCfg = Release|Any CPU
		{14C5DE0E-8FFC-492F-BBE5-283E44E181A7}.AppStore|ARM.Build.0 = Release|Any CPU
		{14C5DE0E-8FFC-492F-BBE5-283E44E181A7}.AppStore|ARM.Deploy.0 = Release|Any CPU
		{14C5DE0E-8FFC-492F-BBE5-283E44E181A7}.AppStore|iPhone.ActiveCfg = Release|Any CPU
		{14C5DE0E-8FFC-492F-BBE5-283E44E181A7}.AppStore|iPhone.Build.0 = Release|Any CPU
		{14C5DE0E-8FFC-492F-BBE5-283E44E181A7}.AppStore|iPhone.Deploy.0 = Release|Any CPU
		{14C5DE0E-8FFC-492F-BBE5-283E44E181A7}.AppStore|iPhoneSimulator.ActiveCfg = Release|Any CPU
		{14C5DE0E-8FFC-492F-BBE5-283E44E181A7}.AppStore|iPhoneSimulator.Build.0 = Release|Any CPU
		{14C5DE0E-8FFC-492F-BBE5-283E44E181A7}.AppStore|iPhoneSimulator.Deploy.0 = Release|Any CPU
		{14C5DE0E-8FFC-492F-BBE5-283E44E181A7}.AppStore|x64.ActiveCfg = Release|Any CPU
		{14C5DE0E-8FFC-492F-BBE5-283E44E181A7}.AppStore|x64.Build.0 = Release|Any CPU
		{14C5DE0E-8FFC-492F-BBE5-283E44E181A7}.AppStore|x64.Deploy.0 = Release|Any CPU
		{14C5DE0E-8FFC-492F-BBE5-283E44E181A7}.AppStore|x86.ActiveCfg = Release|Any CPU
		{14C5DE0E-8FFC-492F-BBE5-283E44E181A7}.AppStore|x86.Build.0 = Release|Any CPU
		{14C5DE0E-8FFC-492F-BBE5-283E44E181A7}.AppStore|x86.Deploy.0 = Release|Any CPU
		{14C5DE0E-8FFC-492F-BBE5-283E44E181A7}.Debug|Any CPU.ActiveCfg = Debug|Any CPU
		{14C5DE0E-8FFC-492F-BBE5-283E44E181A7}.Debug|Any CPU.Build.0 = Debug|Any CPU
		{14C5DE0E-8FFC-492F-BBE5-283E44E181A7}.Debug|Any CPU.Deploy.0 = Debug|Any CPU
		{14C5DE0E-8FFC-492F-BBE5-283E44E181A7}.Debug|ARM.ActiveCfg = Debug|Any CPU
		{14C5DE0E-8FFC-492F-BBE5-283E44E181A7}.Debug|ARM.Build.0 = Debug|Any CPU
		{14C5DE0E-8FFC-492F-BBE5-283E44E181A7}.Debug|ARM.Deploy.0 = Debug|Any CPU
		{14C5DE0E-8FFC-492F-BBE5-283E44E181A7}.Debug|iPhone.ActiveCfg = Debug|Any CPU
		{14C5DE0E-8FFC-492F-BBE5-283E44E181A7}.Debug|iPhone.Build.0 = Debug|Any CPU
		{14C5DE0E-8FFC-492F-BBE5-283E44E181A7}.Debug|iPhone.Deploy.0 = Debug|Any CPU
		{14C5DE0E-8FFC-492F-BBE5-283E44E181A7}.Debug|iPhoneSimulator.ActiveCfg = Debug|Any CPU
		{14C5DE0E-8FFC-492F-BBE5-283E44E181A7}.Debug|iPhoneSimulator.Build.0 = Debug|Any CPU
		{14C5DE0E-8FFC-492F-BBE5-283E44E181A7}.Debug|iPhoneSimulator.Deploy.0 = Debug|Any CPU
		{14C5DE0E-8FFC-492F-BBE5-283E44E181A7}.Debug|x64.ActiveCfg = Debug|Any CPU
		{14C5DE0E-8FFC-492F-BBE5-283E44E181A7}.Debug|x64.Build.0 = Debug|Any CPU
		{14C5DE0E-8FFC-492F-BBE5-283E44E181A7}.Debug|x64.Deploy.0 = Debug|Any CPU
		{14C5DE0E-8FFC-492F-BBE5-283E44E181A7}.Debug|x86.ActiveCfg = Debug|Any CPU
		{14C5DE0E-8FFC-492F-BBE5-283E44E181A7}.Debug|x86.Build.0 = Debug|Any CPU
		{14C5DE0E-8FFC-492F-BBE5-283E44E181A7}.Debug|x86.Deploy.0 = Debug|Any CPU
		{14C5DE0E-8FFC-492F-BBE5-283E44E181A7}.Release|Any CPU.ActiveCfg = Release|Any CPU
		{14C5DE0E-8FFC-492F-BBE5-283E44E181A7}.Release|Any CPU.Build.0 = Release|Any CPU
		{14C5DE0E-8FFC-492F-BBE5-283E44E181A7}.Release|Any CPU.Deploy.0 = Release|Any CPU
		{14C5DE0E-8FFC-492F-BBE5-283E44E181A7}.Release|ARM.ActiveCfg = Release|Any CPU
		{14C5DE0E-8FFC-492F-BBE5-283E44E181A7}.Release|ARM.Build.0 = Release|Any CPU
		{14C5DE0E-8FFC-492F-BBE5-283E44E181A7}.Release|ARM.Deploy.0 = Release|Any CPU
		{14C5DE0E-8FFC-492F-BBE5-283E44E181A7}.Release|iPhone.ActiveCfg = Release|Any CPU
		{14C5DE0E-8FFC-492F-BBE5-283E44E181A7}.Release|iPhone.Build.0 = Release|Any CPU
		{14C5DE0E-8FFC-492F-BBE5-283E44E181A7}.Release|iPhone.Deploy.0 = Release|Any CPU
		{14C5DE0E-8FFC-492F-BBE5-283E44E181A7}.Release|iPhoneSimulator.ActiveCfg = Release|Any CPU
		{14C5DE0E-8FFC-492F-BBE5-283E44E181A7}.Release|iPhoneSimulator.Build.0 = Release|Any CPU
		{14C5DE0E-8FFC-492F-BBE5-283E44E181A7}.Release|iPhoneSimulator.Deploy.0 = Release|Any CPU
		{14C5DE0E-8FFC-492F-BBE5-283E44E181A7}.Release|x64.ActiveCfg = Release|Any CPU
		{14C5DE0E-8FFC-492F-BBE5-283E44E181A7}.Release|x64.Build.0 = Release|Any CPU
		{14C5DE0E-8FFC-492F-BBE5-283E44E181A7}.Release|x64.Deploy.0 = Release|Any CPU
		{14C5DE0E-8FFC-492F-BBE5-283E44E181A7}.Release|x86.ActiveCfg = Release|Any CPU
		{14C5DE0E-8FFC-492F-BBE5-283E44E181A7}.Release|x86.Build.0 = Release|Any CPU
		{14C5DE0E-8FFC-492F-BBE5-283E44E181A7}.Release|x86.Deploy.0 = Release|Any CPU
		{74F264E1-187E-44AE-ABF5-E9ADB0327EFE}.Ad-Hoc|Any CPU.ActiveCfg = Ad-Hoc|iPhone
		{74F264E1-187E-44AE-ABF5-E9ADB0327EFE}.Ad-Hoc|ARM.ActiveCfg = Ad-Hoc|iPhone
		{74F264E1-187E-44AE-ABF5-E9ADB0327EFE}.Ad-Hoc|iPhone.ActiveCfg = Ad-Hoc|iPhone
		{74F264E1-187E-44AE-ABF5-E9ADB0327EFE}.Ad-Hoc|iPhone.Build.0 = Ad-Hoc|iPhone
		{74F264E1-187E-44AE-ABF5-E9ADB0327EFE}.Ad-Hoc|iPhoneSimulator.ActiveCfg = Ad-Hoc|iPhoneSimulator
		{74F264E1-187E-44AE-ABF5-E9ADB0327EFE}.Ad-Hoc|iPhoneSimulator.Build.0 = Ad-Hoc|iPhoneSimulator
		{74F264E1-187E-44AE-ABF5-E9ADB0327EFE}.Ad-Hoc|x64.ActiveCfg = Ad-Hoc|iPhone
		{74F264E1-187E-44AE-ABF5-E9ADB0327EFE}.Ad-Hoc|x86.ActiveCfg = Ad-Hoc|iPhone
		{74F264E1-187E-44AE-ABF5-E9ADB0327EFE}.AppStore|Any CPU.ActiveCfg = AppStore|iPhone
		{74F264E1-187E-44AE-ABF5-E9ADB0327EFE}.AppStore|ARM.ActiveCfg = AppStore|iPhone
		{74F264E1-187E-44AE-ABF5-E9ADB0327EFE}.AppStore|iPhone.ActiveCfg = AppStore|iPhone
		{74F264E1-187E-44AE-ABF5-E9ADB0327EFE}.AppStore|iPhone.Build.0 = AppStore|iPhone
		{74F264E1-187E-44AE-ABF5-E9ADB0327EFE}.AppStore|iPhoneSimulator.ActiveCfg = AppStore|iPhoneSimulator
		{74F264E1-187E-44AE-ABF5-E9ADB0327EFE}.AppStore|iPhoneSimulator.Build.0 = AppStore|iPhoneSimulator
		{74F264E1-187E-44AE-ABF5-E9ADB0327EFE}.AppStore|x64.ActiveCfg = AppStore|iPhone
		{74F264E1-187E-44AE-ABF5-E9ADB0327EFE}.AppStore|x86.ActiveCfg = AppStore|iPhone
		{74F264E1-187E-44AE-ABF5-E9ADB0327EFE}.Debug|Any CPU.ActiveCfg = Debug|iPhone
		{74F264E1-187E-44AE-ABF5-E9ADB0327EFE}.Debug|ARM.ActiveCfg = Debug|iPhone
		{74F264E1-187E-44AE-ABF5-E9ADB0327EFE}.Debug|iPhone.ActiveCfg = Debug|iPhone
		{74F264E1-187E-44AE-ABF5-E9ADB0327EFE}.Debug|iPhone.Build.0 = Debug|iPhone
		{74F264E1-187E-44AE-ABF5-E9ADB0327EFE}.Debug|iPhoneSimulator.ActiveCfg = Debug|iPhoneSimulator
		{74F264E1-187E-44AE-ABF5-E9ADB0327EFE}.Debug|iPhoneSimulator.Build.0 = Debug|iPhoneSimulator
		{74F264E1-187E-44AE-ABF5-E9ADB0327EFE}.Debug|x64.ActiveCfg = Debug|iPhone
		{74F264E1-187E-44AE-ABF5-E9ADB0327EFE}.Debug|x86.ActiveCfg = Debug|iPhone
		{74F264E1-187E-44AE-ABF5-E9ADB0327EFE}.Release|Any CPU.ActiveCfg = Release|iPhone
		{74F264E1-187E-44AE-ABF5-E9ADB0327EFE}.Release|ARM.ActiveCfg = Release|iPhone
		{74F264E1-187E-44AE-ABF5-E9ADB0327EFE}.Release|iPhone.ActiveCfg = Release|iPhone
		{74F264E1-187E-44AE-ABF5-E9ADB0327EFE}.Release|iPhone.Build.0 = Release|iPhone
		{74F264E1-187E-44AE-ABF5-E9ADB0327EFE}.Release|iPhoneSimulator.ActiveCfg = Release|iPhoneSimulator
		{74F264E1-187E-44AE-ABF5-E9ADB0327EFE}.Release|iPhoneSimulator.Build.0 = Release|iPhoneSimulator
		{74F264E1-187E-44AE-ABF5-E9ADB0327EFE}.Release|x64.ActiveCfg = Release|iPhone
		{74F264E1-187E-44AE-ABF5-E9ADB0327EFE}.Release|x86.ActiveCfg = Release|iPhone
		{DC2E9030-3193-43EF-86FE-22F014AB125B}.Ad-Hoc|Any CPU.ActiveCfg = Release|Any CPU
		{DC2E9030-3193-43EF-86FE-22F014AB125B}.Ad-Hoc|Any CPU.Build.0 = Release|Any CPU
		{DC2E9030-3193-43EF-86FE-22F014AB125B}.Ad-Hoc|Any CPU.Deploy.0 = Release|Any CPU
		{DC2E9030-3193-43EF-86FE-22F014AB125B}.Ad-Hoc|ARM.ActiveCfg = Release|ARM
		{DC2E9030-3193-43EF-86FE-22F014AB125B}.Ad-Hoc|ARM.Build.0 = Release|ARM
		{DC2E9030-3193-43EF-86FE-22F014AB125B}.Ad-Hoc|ARM.Deploy.0 = Release|ARM
		{DC2E9030-3193-43EF-86FE-22F014AB125B}.Ad-Hoc|iPhone.ActiveCfg = Release|Any CPU
		{DC2E9030-3193-43EF-86FE-22F014AB125B}.Ad-Hoc|iPhone.Build.0 = Release|Any CPU
		{DC2E9030-3193-43EF-86FE-22F014AB125B}.Ad-Hoc|iPhone.Deploy.0 = Release|Any CPU
		{DC2E9030-3193-43EF-86FE-22F014AB125B}.Ad-Hoc|iPhoneSimulator.ActiveCfg = Release|Any CPU
		{DC2E9030-3193-43EF-86FE-22F014AB125B}.Ad-Hoc|iPhoneSimulator.Build.0 = Release|Any CPU
		{DC2E9030-3193-43EF-86FE-22F014AB125B}.Ad-Hoc|iPhoneSimulator.Deploy.0 = Release|Any CPU
		{DC2E9030-3193-43EF-86FE-22F014AB125B}.Ad-Hoc|x64.ActiveCfg = Release|Any CPU
		{DC2E9030-3193-43EF-86FE-22F014AB125B}.Ad-Hoc|x64.Build.0 = Release|Any CPU
		{DC2E9030-3193-43EF-86FE-22F014AB125B}.Ad-Hoc|x64.Deploy.0 = Release|Any CPU
		{DC2E9030-3193-43EF-86FE-22F014AB125B}.Ad-Hoc|x86.ActiveCfg = Release|x86
		{DC2E9030-3193-43EF-86FE-22F014AB125B}.Ad-Hoc|x86.Build.0 = Release|x86
		{DC2E9030-3193-43EF-86FE-22F014AB125B}.Ad-Hoc|x86.Deploy.0 = Release|x86
		{DC2E9030-3193-43EF-86FE-22F014AB125B}.AppStore|Any CPU.ActiveCfg = Release|Any CPU
		{DC2E9030-3193-43EF-86FE-22F014AB125B}.AppStore|Any CPU.Build.0 = Release|Any CPU
		{DC2E9030-3193-43EF-86FE-22F014AB125B}.AppStore|Any CPU.Deploy.0 = Release|Any CPU
		{DC2E9030-3193-43EF-86FE-22F014AB125B}.AppStore|ARM.ActiveCfg = Release|ARM
		{DC2E9030-3193-43EF-86FE-22F014AB125B}.AppStore|ARM.Build.0 = Release|ARM
		{DC2E9030-3193-43EF-86FE-22F014AB125B}.AppStore|ARM.Deploy.0 = Release|ARM
		{DC2E9030-3193-43EF-86FE-22F014AB125B}.AppStore|iPhone.ActiveCfg = Release|Any CPU
		{DC2E9030-3193-43EF-86FE-22F014AB125B}.AppStore|iPhone.Build.0 = Release|Any CPU
		{DC2E9030-3193-43EF-86FE-22F014AB125B}.AppStore|iPhone.Deploy.0 = Release|Any CPU
		{DC2E9030-3193-43EF-86FE-22F014AB125B}.AppStore|iPhoneSimulator.ActiveCfg = Release|Any CPU
		{DC2E9030-3193-43EF-86FE-22F014AB125B}.AppStore|iPhoneSimulator.Build.0 = Release|Any CPU
		{DC2E9030-3193-43EF-86FE-22F014AB125B}.AppStore|iPhoneSimulator.Deploy.0 = Release|Any CPU
		{DC2E9030-3193-43EF-86FE-22F014AB125B}.AppStore|x64.ActiveCfg = Release|Any CPU
		{DC2E9030-3193-43EF-86FE-22F014AB125B}.AppStore|x64.Build.0 = Release|Any CPU
		{DC2E9030-3193-43EF-86FE-22F014AB125B}.AppStore|x64.Deploy.0 = Release|Any CPU
		{DC2E9030-3193-43EF-86FE-22F014AB125B}.AppStore|x86.ActiveCfg = Release|x86
		{DC2E9030-3193-43EF-86FE-22F014AB125B}.AppStore|x86.Build.0 = Release|x86
		{DC2E9030-3193-43EF-86FE-22F014AB125B}.AppStore|x86.Deploy.0 = Release|x86
		{DC2E9030-3193-43EF-86FE-22F014AB125B}.Debug|Any CPU.ActiveCfg = Debug|Any CPU
		{DC2E9030-3193-43EF-86FE-22F014AB125B}.Debug|Any CPU.Build.0 = Debug|Any CPU
		{DC2E9030-3193-43EF-86FE-22F014AB125B}.Debug|Any CPU.Deploy.0 = Debug|Any CPU
		{DC2E9030-3193-43EF-86FE-22F014AB125B}.Debug|ARM.ActiveCfg = Debug|ARM
		{DC2E9030-3193-43EF-86FE-22F014AB125B}.Debug|ARM.Build.0 = Debug|ARM
		{DC2E9030-3193-43EF-86FE-22F014AB125B}.Debug|ARM.Deploy.0 = Debug|ARM
		{DC2E9030-3193-43EF-86FE-22F014AB125B}.Debug|iPhone.ActiveCfg = Debug|Any CPU
		{DC2E9030-3193-43EF-86FE-22F014AB125B}.Debug|iPhone.Build.0 = Debug|Any CPU
		{DC2E9030-3193-43EF-86FE-22F014AB125B}.Debug|iPhone.Deploy.0 = Debug|Any CPU
		{DC2E9030-3193-43EF-86FE-22F014AB125B}.Debug|iPhoneSimulator.ActiveCfg = Debug|Any CPU
		{DC2E9030-3193-43EF-86FE-22F014AB125B}.Debug|iPhoneSimulator.Build.0 = Debug|Any CPU
		{DC2E9030-3193-43EF-86FE-22F014AB125B}.Debug|iPhoneSimulator.Deploy.0 = Debug|Any CPU
		{DC2E9030-3193-43EF-86FE-22F014AB125B}.Debug|x64.ActiveCfg = Debug|Any CPU
		{DC2E9030-3193-43EF-86FE-22F014AB125B}.Debug|x64.Build.0 = Debug|Any CPU
		{DC2E9030-3193-43EF-86FE-22F014AB125B}.Debug|x64.Deploy.0 = Debug|Any CPU
		{DC2E9030-3193-43EF-86FE-22F014AB125B}.Debug|x86.ActiveCfg = Debug|x86
		{DC2E9030-3193-43EF-86FE-22F014AB125B}.Debug|x86.Build.0 = Debug|x86
		{DC2E9030-3193-43EF-86FE-22F014AB125B}.Debug|x86.Deploy.0 = Debug|x86
		{DC2E9030-3193-43EF-86FE-22F014AB125B}.Release|Any CPU.ActiveCfg = Release|Any CPU
		{DC2E9030-3193-43EF-86FE-22F014AB125B}.Release|Any CPU.Build.0 = Release|Any CPU
		{DC2E9030-3193-43EF-86FE-22F014AB125B}.Release|Any CPU.Deploy.0 = Release|Any CPU
		{DC2E9030-3193-43EF-86FE-22F014AB125B}.Release|ARM.ActiveCfg = Release|ARM
		{DC2E9030-3193-43EF-86FE-22F014AB125B}.Release|ARM.Build.0 = Release|ARM
		{DC2E9030-3193-43EF-86FE-22F014AB125B}.Release|ARM.Deploy.0 = Release|ARM
		{DC2E9030-3193-43EF-86FE-22F014AB125B}.Release|iPhone.ActiveCfg = Release|Any CPU
		{DC2E9030-3193-43EF-86FE-22F014AB125B}.Release|iPhone.Build.0 = Release|Any CPU
		{DC2E9030-3193-43EF-86FE-22F014AB125B}.Release|iPhone.Deploy.0 = Release|Any CPU
		{DC2E9030-3193-43EF-86FE-22F014AB125B}.Release|iPhoneSimulator.ActiveCfg = Release|Any CPU
		{DC2E9030-3193-43EF-86FE-22F014AB125B}.Release|iPhoneSimulator.Build.0 = Release|Any CPU
		{DC2E9030-3193-43EF-86FE-22F014AB125B}.Release|iPhoneSimulator.Deploy.0 = Release|Any CPU
		{DC2E9030-3193-43EF-86FE-22F014AB125B}.Release|x64.ActiveCfg = Release|Any CPU
		{DC2E9030-3193-43EF-86FE-22F014AB125B}.Release|x64.Build.0 = Release|Any CPU
		{DC2E9030-3193-43EF-86FE-22F014AB125B}.Release|x64.Deploy.0 = Release|Any CPU
		{DC2E9030-3193-43EF-86FE-22F014AB125B}.Release|x86.ActiveCfg = Release|x86
		{DC2E9030-3193-43EF-86FE-22F014AB125B}.Release|x86.Build.0 = Release|x86
		{DC2E9030-3193-43EF-86FE-22F014AB125B}.Release|x86.Deploy.0 = Release|x86
		{CA55A650-A93D-4A90-8E48-6732EB853CCB}.Ad-Hoc|Any CPU.ActiveCfg = Release|Any CPU
		{CA55A650-A93D-4A90-8E48-6732EB853CCB}.Ad-Hoc|Any CPU.Build.0 = Release|Any CPU
		{CA55A650-A93D-4A90-8E48-6732EB853CCB}.Ad-Hoc|Any CPU.Deploy.0 = Release|Any CPU
		{CA55A650-A93D-4A90-8E48-6732EB853CCB}.Ad-Hoc|ARM.ActiveCfg = Release|ARM
		{CA55A650-A93D-4A90-8E48-6732EB853CCB}.Ad-Hoc|ARM.Build.0 = Release|ARM
		{CA55A650-A93D-4A90-8E48-6732EB853CCB}.Ad-Hoc|ARM.Deploy.0 = Release|ARM
		{CA55A650-A93D-4A90-8E48-6732EB853CCB}.Ad-Hoc|iPhone.ActiveCfg = Release|Any CPU
		{CA55A650-A93D-4A90-8E48-6732EB853CCB}.Ad-Hoc|iPhone.Build.0 = Release|Any CPU
		{CA55A650-A93D-4A90-8E48-6732EB853CCB}.Ad-Hoc|iPhone.Deploy.0 = Release|Any CPU
		{CA55A650-A93D-4A90-8E48-6732EB853CCB}.Ad-Hoc|iPhoneSimulator.ActiveCfg = Release|Any CPU
		{CA55A650-A93D-4A90-8E48-6732EB853CCB}.Ad-Hoc|iPhoneSimulator.Build.0 = Release|Any CPU
		{CA55A650-A93D-4A90-8E48-6732EB853CCB}.Ad-Hoc|iPhoneSimulator.Deploy.0 = Release|Any CPU
		{CA55A650-A93D-4A90-8E48-6732EB853CCB}.Ad-Hoc|x64.ActiveCfg = Release|x64
		{CA55A650-A93D-4A90-8E48-6732EB853CCB}.Ad-Hoc|x64.Build.0 = Release|x64
		{CA55A650-A93D-4A90-8E48-6732EB853CCB}.Ad-Hoc|x64.Deploy.0 = Release|x64
		{CA55A650-A93D-4A90-8E48-6732EB853CCB}.Ad-Hoc|x86.ActiveCfg = Release|x86
		{CA55A650-A93D-4A90-8E48-6732EB853CCB}.Ad-Hoc|x86.Build.0 = Release|x86
		{CA55A650-A93D-4A90-8E48-6732EB853CCB}.Ad-Hoc|x86.Deploy.0 = Release|x86
		{CA55A650-A93D-4A90-8E48-6732EB853CCB}.AppStore|Any CPU.ActiveCfg = Release|Any CPU
		{CA55A650-A93D-4A90-8E48-6732EB853CCB}.AppStore|Any CPU.Build.0 = Release|Any CPU
		{CA55A650-A93D-4A90-8E48-6732EB853CCB}.AppStore|Any CPU.Deploy.0 = Release|Any CPU
		{CA55A650-A93D-4A90-8E48-6732EB853CCB}.AppStore|ARM.ActiveCfg = Release|ARM
		{CA55A650-A93D-4A90-8E48-6732EB853CCB}.AppStore|ARM.Build.0 = Release|ARM
		{CA55A650-A93D-4A90-8E48-6732EB853CCB}.AppStore|ARM.Deploy.0 = Release|ARM
		{CA55A650-A93D-4A90-8E48-6732EB853CCB}.AppStore|iPhone.ActiveCfg = Release|Any CPU
		{CA55A650-A93D-4A90-8E48-6732EB853CCB}.AppStore|iPhone.Build.0 = Release|Any CPU
		{CA55A650-A93D-4A90-8E48-6732EB853CCB}.AppStore|iPhone.Deploy.0 = Release|Any CPU
		{CA55A650-A93D-4A90-8E48-6732EB853CCB}.AppStore|iPhoneSimulator.ActiveCfg = Release|Any CPU
		{CA55A650-A93D-4A90-8E48-6732EB853CCB}.AppStore|iPhoneSimulator.Build.0 = Release|Any CPU
		{CA55A650-A93D-4A90-8E48-6732EB853CCB}.AppStore|iPhoneSimulator.Deploy.0 = Release|Any CPU
		{CA55A650-A93D-4A90-8E48-6732EB853CCB}.AppStore|x64.ActiveCfg = Release|x64
		{CA55A650-A93D-4A90-8E48-6732EB853CCB}.AppStore|x64.Build.0 = Release|x64
		{CA55A650-A93D-4A90-8E48-6732EB853CCB}.AppStore|x64.Deploy.0 = Release|x64
		{CA55A650-A93D-4A90-8E48-6732EB853CCB}.AppStore|x86.ActiveCfg = Release|x86
		{CA55A650-A93D-4A90-8E48-6732EB853CCB}.AppStore|x86.Build.0 = Release|x86
		{CA55A650-A93D-4A90-8E48-6732EB853CCB}.AppStore|x86.Deploy.0 = Release|x86
		{CA55A650-A93D-4A90-8E48-6732EB853CCB}.Debug|Any CPU.ActiveCfg = Debug|Any CPU
		{CA55A650-A93D-4A90-8E48-6732EB853CCB}.Debug|Any CPU.Build.0 = Debug|Any CPU
		{CA55A650-A93D-4A90-8E48-6732EB853CCB}.Debug|Any CPU.Deploy.0 = Debug|Any CPU
		{CA55A650-A93D-4A90-8E48-6732EB853CCB}.Debug|ARM.ActiveCfg = Debug|ARM
		{CA55A650-A93D-4A90-8E48-6732EB853CCB}.Debug|ARM.Build.0 = Debug|ARM
		{CA55A650-A93D-4A90-8E48-6732EB853CCB}.Debug|ARM.Deploy.0 = Debug|ARM
		{CA55A650-A93D-4A90-8E48-6732EB853CCB}.Debug|iPhone.ActiveCfg = Debug|Any CPU
		{CA55A650-A93D-4A90-8E48-6732EB853CCB}.Debug|iPhone.Build.0 = Debug|Any CPU
		{CA55A650-A93D-4A90-8E48-6732EB853CCB}.Debug|iPhone.Deploy.0 = Debug|Any CPU
		{CA55A650-A93D-4A90-8E48-6732EB853CCB}.Debug|iPhoneSimulator.ActiveCfg = Debug|Any CPU
		{CA55A650-A93D-4A90-8E48-6732EB853CCB}.Debug|iPhoneSimulator.Build.0 = Debug|Any CPU
		{CA55A650-A93D-4A90-8E48-6732EB853CCB}.Debug|iPhoneSimulator.Deploy.0 = Debug|Any CPU
		{CA55A650-A93D-4A90-8E48-6732EB853CCB}.Debug|x64.ActiveCfg = Debug|x64
		{CA55A650-A93D-4A90-8E48-6732EB853CCB}.Debug|x64.Build.0 = Debug|x64
		{CA55A650-A93D-4A90-8E48-6732EB853CCB}.Debug|x64.Deploy.0 = Debug|x64
		{CA55A650-A93D-4A90-8E48-6732EB853CCB}.Debug|x86.ActiveCfg = Debug|x86
		{CA55A650-A93D-4A90-8E48-6732EB853CCB}.Debug|x86.Build.0 = Debug|x86
		{CA55A650-A93D-4A90-8E48-6732EB853CCB}.Debug|x86.Deploy.0 = Debug|x86
		{CA55A650-A93D-4A90-8E48-6732EB853CCB}.Release|Any CPU.ActiveCfg = Release|Any CPU
		{CA55A650-A93D-4A90-8E48-6732EB853CCB}.Release|Any CPU.Build.0 = Release|Any CPU
		{CA55A650-A93D-4A90-8E48-6732EB853CCB}.Release|Any CPU.Deploy.0 = Release|Any CPU
		{CA55A650-A93D-4A90-8E48-6732EB853CCB}.Release|ARM.ActiveCfg = Release|ARM
		{CA55A650-A93D-4A90-8E48-6732EB853CCB}.Release|ARM.Build.0 = Release|ARM
		{CA55A650-A93D-4A90-8E48-6732EB853CCB}.Release|ARM.Deploy.0 = Release|ARM
		{CA55A650-A93D-4A90-8E48-6732EB853CCB}.Release|iPhone.ActiveCfg = Release|Any CPU
		{CA55A650-A93D-4A90-8E48-6732EB853CCB}.Release|iPhone.Build.0 = Release|Any CPU
		{CA55A650-A93D-4A90-8E48-6732EB853CCB}.Release|iPhone.Deploy.0 = Release|Any CPU
		{CA55A650-A93D-4A90-8E48-6732EB853CCB}.Release|iPhoneSimulator.ActiveCfg = Release|Any CPU
		{CA55A650-A93D-4A90-8E48-6732EB853CCB}.Release|iPhoneSimulator.Build.0 = Release|Any CPU
		{CA55A650-A93D-4A90-8E48-6732EB853CCB}.Release|iPhoneSimulator.Deploy.0 = Release|Any CPU
		{CA55A650-A93D-4A90-8E48-6732EB853CCB}.Release|x64.ActiveCfg = Release|x64
		{CA55A650-A93D-4A90-8E48-6732EB853CCB}.Release|x64.Build.0 = Release|x64
		{CA55A650-A93D-4A90-8E48-6732EB853CCB}.Release|x64.Deploy.0 = Release|x64
		{CA55A650-A93D-4A90-8E48-6732EB853CCB}.Release|x86.ActiveCfg = Release|x86
		{CA55A650-A93D-4A90-8E48-6732EB853CCB}.Release|x86.Build.0 = Release|x86
		{CA55A650-A93D-4A90-8E48-6732EB853CCB}.Release|x86.Deploy.0 = Release|x86
		{5DF2A1FA-9C7E-49BF-A6B0-A3E4AF81207B}.Ad-Hoc|Any CPU.ActiveCfg = Release|Any CPU
		{5DF2A1FA-9C7E-49BF-A6B0-A3E4AF81207B}.Ad-Hoc|Any CPU.Build.0 = Release|Any CPU
		{5DF2A1FA-9C7E-49BF-A6B0-A3E4AF81207B}.Ad-Hoc|ARM.ActiveCfg = Release|Any CPU
		{5DF2A1FA-9C7E-49BF-A6B0-A3E4AF81207B}.Ad-Hoc|ARM.Build.0 = Release|Any CPU
		{5DF2A1FA-9C7E-49BF-A6B0-A3E4AF81207B}.Ad-Hoc|iPhone.ActiveCfg = Release|Any CPU
		{5DF2A1FA-9C7E-49BF-A6B0-A3E4AF81207B}.Ad-Hoc|iPhone.Build.0 = Release|Any CPU
		{5DF2A1FA-9C7E-49BF-A6B0-A3E4AF81207B}.Ad-Hoc|iPhoneSimulator.ActiveCfg = Release|Any CPU
		{5DF2A1FA-9C7E-49BF-A6B0-A3E4AF81207B}.Ad-Hoc|iPhoneSimulator.Build.0 = Release|Any CPU
		{5DF2A1FA-9C7E-49BF-A6B0-A3E4AF81207B}.Ad-Hoc|x64.ActiveCfg = Release|Any CPU
		{5DF2A1FA-9C7E-49BF-A6B0-A3E4AF81207B}.Ad-Hoc|x64.Build.0 = Release|Any CPU
		{5DF2A1FA-9C7E-49BF-A6B0-A3E4AF81207B}.Ad-Hoc|x86.ActiveCfg = Release|Any CPU
		{5DF2A1FA-9C7E-49BF-A6B0-A3E4AF81207B}.Ad-Hoc|x86.Build.0 = Release|Any CPU
		{5DF2A1FA-9C7E-49BF-A6B0-A3E4AF81207B}.AppStore|Any CPU.ActiveCfg = Release|Any CPU
		{5DF2A1FA-9C7E-49BF-A6B0-A3E4AF81207B}.AppStore|Any CPU.Build.0 = Release|Any CPU
		{5DF2A1FA-9C7E-49BF-A6B0-A3E4AF81207B}.AppStore|ARM.ActiveCfg = Release|Any CPU
		{5DF2A1FA-9C7E-49BF-A6B0-A3E4AF81207B}.AppStore|ARM.Build.0 = Release|Any CPU
		{5DF2A1FA-9C7E-49BF-A6B0-A3E4AF81207B}.AppStore|iPhone.ActiveCfg = Release|Any CPU
		{5DF2A1FA-9C7E-49BF-A6B0-A3E4AF81207B}.AppStore|iPhone.Build.0 = Release|Any CPU
		{5DF2A1FA-9C7E-49BF-A6B0-A3E4AF81207B}.AppStore|iPhoneSimulator.ActiveCfg = Release|Any CPU
		{5DF2A1FA-9C7E-49BF-A6B0-A3E4AF81207B}.AppStore|iPhoneSimulator.Build.0 = Release|Any CPU
		{5DF2A1FA-9C7E-49BF-A6B0-A3E4AF81207B}.AppStore|x64.ActiveCfg = Release|Any CPU
		{5DF2A1FA-9C7E-49BF-A6B0-A3E4AF81207B}.AppStore|x64.Build.0 = Release|Any CPU
		{5DF2A1FA-9C7E-49BF-A6B0-A3E4AF81207B}.AppStore|x86.ActiveCfg = Release|Any CPU
		{5DF2A1FA-9C7E-49BF-A6B0-A3E4AF81207B}.AppStore|x86.Build.0 = Release|Any CPU
		{5DF2A1FA-9C7E-49BF-A6B0-A3E4AF81207B}.Debug|Any CPU.ActiveCfg = Debug|Any CPU
		{5DF2A1FA-9C7E-49BF-A6B0-A3E4AF81207B}.Debug|Any CPU.Build.0 = Debug|Any CPU
		{5DF2A1FA-9C7E-49BF-A6B0-A3E4AF81207B}.Debug|ARM.ActiveCfg = Debug|Any CPU
		{5DF2A1FA-9C7E-49BF-A6B0-A3E4AF81207B}.Debug|ARM.Build.0 = Debug|Any CPU
		{5DF2A1FA-9C7E-49BF-A6B0-A3E4AF81207B}.Debug|iPhone.ActiveCfg = Debug|Any CPU
		{5DF2A1FA-9C7E-49BF-A6B0-A3E4AF81207B}.Debug|iPhone.Build.0 = Debug|Any CPU
		{5DF2A1FA-9C7E-49BF-A6B0-A3E4AF81207B}.Debug|iPhoneSimulator.ActiveCfg = Debug|Any CPU
		{5DF2A1FA-9C7E-49BF-A6B0-A3E4AF81207B}.Debug|iPhoneSimulator.Build.0 = Debug|Any CPU
		{5DF2A1FA-9C7E-49BF-A6B0-A3E4AF81207B}.Debug|x64.ActiveCfg = Debug|Any CPU
		{5DF2A1FA-9C7E-49BF-A6B0-A3E4AF81207B}.Debug|x64.Build.0 = Debug|Any CPU
		{5DF2A1FA-9C7E-49BF-A6B0-A3E4AF81207B}.Debug|x86.ActiveCfg = Debug|Any CPU
		{5DF2A1FA-9C7E-49BF-A6B0-A3E4AF81207B}.Debug|x86.Build.0 = Debug|Any CPU
		{5DF2A1FA-9C7E-49BF-A6B0-A3E4AF81207B}.Release|Any CPU.ActiveCfg = Release|Any CPU
		{5DF2A1FA-9C7E-49BF-A6B0-A3E4AF81207B}.Release|Any CPU.Build.0 = Release|Any CPU
		{5DF2A1FA-9C7E-49BF-A6B0-A3E4AF81207B}.Release|ARM.ActiveCfg = Release|Any CPU
		{5DF2A1FA-9C7E-49BF-A6B0-A3E4AF81207B}.Release|ARM.Build.0 = Release|Any CPU
		{5DF2A1FA-9C7E-49BF-A6B0-A3E4AF81207B}.Release|iPhone.ActiveCfg = Release|Any CPU
		{5DF2A1FA-9C7E-49BF-A6B0-A3E4AF81207B}.Release|iPhone.Build.0 = Release|Any CPU
		{5DF2A1FA-9C7E-49BF-A6B0-A3E4AF81207B}.Release|iPhoneSimulator.ActiveCfg = Release|Any CPU
		{5DF2A1FA-9C7E-49BF-A6B0-A3E4AF81207B}.Release|iPhoneSimulator.Build.0 = Release|Any CPU
		{5DF2A1FA-9C7E-49BF-A6B0-A3E4AF81207B}.Release|x64.ActiveCfg = Release|Any CPU
		{5DF2A1FA-9C7E-49BF-A6B0-A3E4AF81207B}.Release|x64.Build.0 = Release|Any CPU
		{5DF2A1FA-9C7E-49BF-A6B0-A3E4AF81207B}.Release|x86.ActiveCfg = Release|Any CPU
		{5DF2A1FA-9C7E-49BF-A6B0-A3E4AF81207B}.Release|x86.Build.0 = Release|Any CPU
	EndGlobalSection
	GlobalSection(SolutionProperties) = preSolution
		HideSolutionNode = FALSE
	EndGlobalSection
	GlobalSection(MonoDevelopProperties) = preSolution
		Policies = $0
		$0.DotNetNamingPolicy = $1
		$1.DirectoryNamespaceAssociation = None
		$1.ResourceNamePolicy = FileFormatDefault
		$0.StandardHeader = $2
		$2.Text = 
		$2.IncludeInNewFiles = True
		$0.NameConventionPolicy = $3
		$3.Rules = $4
		$4.NamingRule = $5
		$5.Name = Type Parameters
		$5.AffectedEntity = TypeParameter
		$5.VisibilityMask = VisibilityMask
		$5.NamingStyle = PascalCase
		$5.IncludeInstanceMembers = True
		$5.IncludeStaticEntities = True
		$5.RequiredPrefixes = $6
		$6.String = T
		$5.RequiredSuffixes = $7
		$7.String = Exception
	EndGlobalSection
EndGlobal
